
Microsoft Visual Studio Solution File, Format Version 12.00
# Visual Studio Version 17
VisualStudioVersion = 17.8.34525.116
MinimumVisualStudioVersion = 10.0.40219.1
Project("{2150E333-8FDC-42A3-9474-1A3956D46DE8}") = "src", "src", "{AE35C6D7-5EF2-4680-88EC-7F7D650BAA86}"
EndProject
Project("{2150E333-8FDC-42A3-9474-1A3956D46DE8}") = "ApiGateways", "ApiGateways", "{356BB6E6-8B80-403A-9CFD-57708CBE16EE}"
EndProject
Project("{2150E333-8FDC-42A3-9474-1A3956D46DE8}") = "Services", "Services", "{74EEDA71-757E-452F-9AB8-C9D766C246C5}"
EndProject
Project("{2150E333-8FDC-42A3-9474-1A3956D46DE8}") = "Clients", "Clients", "{1278DBEF-D8FC-4046-A87F-505054FEF138}"
EndProject
Project("{2150E333-8FDC-42A3-9474-1A3956D46DE8}") = "HotelService", "HotelService", "{F565EE6B-9A12-4D0C-AB7A-23E526D1C101}"
EndProject
Project("{2150E333-8FDC-42A3-9474-1A3956D46DE8}") = "ReservationService", "ReservationService", "{621E5B6E-907A-4179-87CD-9BB2EECDC571}"
EndProject
Project("{9A19103F-16F7-4668-BE54-9A1E7A4F7556}") = "HotelFinder.API", "src\Services\HotelService\HotelFinder.API\HotelFinder.API.csproj", "{004A367A-2659-488F-9619-52E3D455E05D}"
	ProjectSection(ProjectDependencies) = postProject
		{F8BDA90E-65C9-4057-BF38-6FC79E8FF280} = {F8BDA90E-65C9-4057-BF38-6FC79E8FF280}
	EndProjectSection
EndProject
Project("{9A19103F-16F7-4668-BE54-9A1E7A4F7556}") = "Reservation.API", "src\Services\ReservationService\Reservation.API\Reservation.API.csproj", "{3B0EEABD-2979-48C4-BFB5-6CC5638F674B}"
EndProject
Project("{9A19103F-16F7-4668-BE54-9A1E7A4F7556}") = "HotelFinder.Business", "src\Services\HotelService\HotelFinder.Business\HotelFinder.Business.csproj", "{E39BCFFC-0D5B-431F-9887-AF0631B18DD6}"
EndProject
Project("{9A19103F-16F7-4668-BE54-9A1E7A4F7556}") = "HotelFinder.DataAccess", "src\Services\HotelService\HotelFinder.DataAccess\HotelFinder.DataAccess.csproj", "{F8BDA90E-65C9-4057-BF38-6FC79E8FF280}"
EndProject
Project("{9A19103F-16F7-4668-BE54-9A1E7A4F7556}") = "HotelFinder.Entities", "src\Services\HotelService\HotelFinder.Entities\HotelFinder.Entities.csproj", "{4FB6AC70-F49B-4CD4-8AE2-739A52A150BA}"
EndProject
Project("{9A19103F-16F7-4668-BE54-9A1E7A4F7556}") = "Reservation.Business", "src\Services\ReservationService\Reservation.Business\Reservation.Business.csproj", "{6D7F00C6-F472-4BC5-911B-5FD0A3AA80B7}"
EndProject
Project("{9A19103F-16F7-4668-BE54-9A1E7A4F7556}") = "Reservation.DataAccess", "src\Services\ReservationService\Reservation.DataAccess\Reservation.DataAccess.csproj", "{BA7A3AD7-E6AF-4961-8B7B-AC0C245ED13A}"
EndProject
Project("{9A19103F-16F7-4668-BE54-9A1E7A4F7556}") = "Reservation.Entities", "src\Services\ReservationService\Reservation.Entities\Reservation.Entities.csproj", "{E6217695-A43A-4DD4-8510-78E69A549B1C}"
EndProject
Project("{9A19103F-16F7-4668-BE54-9A1E7A4F7556}") = "APIGateway", "src\ApiGateways\APIGateway\APIGateway.csproj", "{3A6B3915-5F59-4967-A3A2-D40793951466}"
EndProject
Project("{2150E333-8FDC-42A3-9474-1A3956D46DE8}") = "BlazorWebApp", "BlazorWebApp", "{6072DB29-BC2A-452D-86DF-84C795FC8B89}"
EndProject
Project("{9A19103F-16F7-4668-BE54-9A1E7A4F7556}") = "WebApp", "src\Clients\BlazorWebApp\WebApp\WebApp.csproj", "{C1BC9CB2-AB27-4194-9307-87EAF78F4D38}"
EndProject
Global
	GlobalSection(SolutionConfigurationPlatforms) = preSolution
		Debug|Any CPU = Debug|Any CPU
		Release|Any CPU = Release|Any CPU
	EndGlobalSection
	GlobalSection(ProjectConfigurationPlatforms) = postSolution
		{004A367A-2659-488F-9619-52E3D455E05D}.Debug|Any CPU.ActiveCfg = Debug|Any CPU
		{004A367A-2659-488F-9619-52E3D455E05D}.Debug|Any CPU.Build.0 = Debug|Any CPU
		{004A367A-2659-488F-9619-52E3D455E05D}.Release|Any CPU.ActiveCfg = Release|Any CPU
		{004A367A-2659-488F-9619-52E3D455E05D}.Release|Any CPU.Build.0 = Release|Any CPU
		{3B0EEABD-2979-48C4-BFB5-6CC5638F674B}.Debug|Any CPU.ActiveCfg = Debug|Any CPU
		{3B0EEABD-2979-48C4-BFB5-6CC5638F674B}.Debug|Any CPU.Build.0 = Debug|Any CPU
		{3B0EEABD-2979-48C4-BFB5-6CC5638F674B}.Release|Any CPU.ActiveCfg = Release|Any CPU
		{3B0EEABD-2979-48C4-BFB5-6CC5638F674B}.Release|Any CPU.Build.0 = Release|Any CPU
		{E39BCFFC-0D5B-431F-9887-AF0631B18DD6}.Debug|Any CPU.ActiveCfg = Debug|Any CPU
		{E39BCFFC-0D5B-431F-9887-AF0631B18DD6}.Debug|Any CPU.Build.0 = Debug|Any CPU
		{E39BCFFC-0D5B-431F-9887-AF0631B18DD6}.Release|Any CPU.ActiveCfg = Release|Any CPU
		{E39BCFFC-0D5B-431F-9887-AF0631B18DD6}.Release|Any CPU.Build.0 = Release|Any CPU
		{F8BDA90E-65C9-4057-BF38-6FC79E8FF280}.Debug|Any CPU.ActiveCfg = Debug|Any CPU
		{F8BDA90E-65C9-4057-BF38-6FC79E8FF280}.Debug|Any CPU.Build.0 = Debug|Any CPU
		{F8BDA90E-65C9-4057-BF38-6FC79E8FF280}.Release|Any CPU.ActiveCfg = Release|Any CPU
		{F8BDA90E-65C9-4057-BF38-6FC79E8FF280}.Release|Any CPU.Build.0 = Release|Any CPU
		{4FB6AC70-F49B-4CD4-8AE2-739A52A150BA}.Debug|Any CPU.ActiveCfg = Debug|Any CPU
		{4FB6AC70-F49B-4CD4-8AE2-739A52A150BA}.Debug|Any CPU.Build.0 = Debug|Any CPU
		{4FB6AC70-F49B-4CD4-8AE2-739A52A150BA}.Release|Any CPU.ActiveCfg = Release|Any CPU
		{4FB6AC70-F49B-4CD4-8AE2-739A52A150BA}.Release|Any CPU.Build.0 = Release|Any CPU
		{6D7F00C6-F472-4BC5-911B-5FD0A3AA80B7}.Debug|Any CPU.ActiveCfg = Debug|Any CPU
		{6D7F00C6-F472-4BC5-911B-5FD0A3AA80B7}.Debug|Any CPU.Build.0 = Debug|Any CPU
		{6D7F00C6-F472-4BC5-911B-5FD0A3AA80B7}.Release|Any CPU.ActiveCfg = Release|Any CPU
		{6D7F00C6-F472-4BC5-911B-5FD0A3AA80B7}.Release|Any CPU.Build.0 = Release|Any CPU
		{BA7A3AD7-E6AF-4961-8B7B-AC0C245ED13A}.Debug|Any CPU.ActiveCfg = Debug|Any CPU
		{BA7A3AD7-E6AF-4961-8B7B-AC0C245ED13A}.Debug|Any CPU.Build.0 = Debug|Any CPU
		{BA7A3AD7-E6AF-4961-8B7B-AC0C245ED13A}.Release|Any CPU.ActiveCfg = Release|Any CPU
		{BA7A3AD7-E6AF-4961-8B7B-AC0C245ED13A}.Release|Any CPU.Build.0 = Release|Any CPU
		{E6217695-A43A-4DD4-8510-78E69A549B1C}.Debug|Any CPU.ActiveCfg = Debug|Any CPU
		{E6217695-A43A-4DD4-8510-78E69A549B1C}.Debug|Any CPU.Build.0 = Debug|Any CPU
		{E6217695-A43A-4DD4-8510-78E69A549B1C}.Release|Any CPU.ActiveCfg = Release|Any CPU
		{E6217695-A43A-4DD4-8510-78E69A549B1C}.Release|Any CPU.Build.0 = Release|Any CPU
		{3A6B3915-5F59-4967-A3A2-D40793951466}.Debug|Any CPU.ActiveCfg = Debug|Any CPU
		{3A6B3915-5F59-4967-A3A2-D40793951466}.Debug|Any CPU.Build.0 = Debug|Any CPU
		{3A6B3915-5F59-4967-A3A2-D40793951466}.Release|Any CPU.ActiveCfg = Release|Any CPU
		{3A6B3915-5F59-4967-A3A2-D40793951466}.Release|Any CPU.Build.0 = Release|Any CPU
		{C1BC9CB2-AB27-4194-9307-87EAF78F4D38}.Debug|Any CPU.ActiveCfg = Debug|Any CPU
		{C1BC9CB2-AB27-4194-9307-87EAF78F4D38}.Debug|Any CPU.Build.0 = Debug|Any CPU
		{C1BC9CB2-AB27-4194-9307-87EAF78F4D38}.Release|Any CPU.ActiveCfg = Release|Any CPU
		{C1BC9CB2-AB27-4194-9307-87EAF78F4D38}.Release|Any CPU.Build.0 = Release|Any CPU
	EndGlobalSection
	GlobalSection(SolutionProperties) = preSolution
		HideSolutionNode = FALSE
	EndGlobalSection
	GlobalSection(NestedProjects) = preSolution
		{356BB6E6-8B80-403A-9CFD-57708CBE16EE} = {AE35C6D7-5EF2-4680-88EC-7F7D650BAA86}
		{74EEDA71-757E-452F-9AB8-C9D766C246C5} = {AE35C6D7-5EF2-4680-88EC-7F7D650BAA86}
		{1278DBEF-D8FC-4046-A87F-505054FEF138} = {AE35C6D7-5EF2-4680-88EC-7F7D650BAA86}
		{F565EE6B-9A12-4D0C-AB7A-23E526D1C101} = {74EEDA71-757E-452F-9AB8-C9D766C246C5}
		{621E5B6E-907A-4179-87CD-9BB2EECDC571} = {74EEDA71-757E-452F-9AB8-C9D766C246C5}
		{004A367A-2659-488F-9619-52E3D455E05D} = {F565EE6B-9A12-4D0C-AB7A-23E526D1C101}
		{3B0EEABD-2979-48C4-BFB5-6CC5638F674B} = {621E5B6E-907A-4179-87CD-9BB2EECDC571}
		{E39BCFFC-0D5B-431F-9887-AF0631B18DD6} = {F565EE6B-9A12-4D0C-AB7A-23E526D1C101}
		{F8BDA90E-65C9-4057-BF38-6FC79E8FF280} = {F565EE6B-9A12-4D0C-AB7A-23E526D1C101}
		{4FB6AC70-F49B-4CD4-8AE2-739A52A150BA} = {F565EE6B-9A12-4D0C-AB7A-23E526D1C101}
		{6D7F00C6-F472-4BC5-911B-5FD0A3AA80B7} = {621E5B6E-907A-4179-87CD-9BB2EECDC571}
		{BA7A3AD7-E6AF-4961-8B7B-AC0C245ED13A} = {621E5B6E-907A-4179-87CD-9BB2EECDC571}
		{E6217695-A43A-4DD4-8510-78E69A549B1C} = {621E5B6E-907A-4179-87CD-9BB2EECDC571}
		{3A6B3915-5F59-4967-A3A2-D40793951466} = {356BB6E6-8B80-403A-9CFD-57708CBE16EE}
		{6072DB29-BC2A-452D-86DF-84C795FC8B89} = {1278DBEF-D8FC-4046-A87F-505054FEF138}
		{C1BC9CB2-AB27-4194-9307-87EAF78F4D38} = {6072DB29-BC2A-452D-86DF-84C795FC8B89}
	EndGlobalSection
	GlobalSection(ExtensibilityGlobals) = postSolution
		SolutionGuid = {9425AFDB-992F-492B-B16D-B42F0173EA82}
	EndGlobalSection
EndGlobal
