
Microsoft Visual Studio Solution File, Format Version 12.00
# Visual Studio Version 17
VisualStudioVersion = 17.8.34525.116
MinimumVisualStudioVersion = 10.0.40219.1
Project("{9A19103F-16F7-4668-BE54-9A1E7A4F7556}") = "HotelFinder.Entities", "HotelFinder.Entities\HotelFinder.Entities.csproj", "{585DBA11-5ED9-4551-BCBD-3F2885A708D9}"
EndProject
Project("{9A19103F-16F7-4668-BE54-9A1E7A4F7556}") = "HotelFinder.DataAccess", "HotelFinder.DataAccess\HotelFinder.DataAccess.csproj", "{6E255E62-DEEB-44EC-B1B4-8A8D8A1460EA}"
EndProject
Project("{9A19103F-16F7-4668-BE54-9A1E7A4F7556}") = "HotelFinder.Business", "HotelFinder.Business\HotelFinder.Business.csproj", "{7ACD24C5-31FD-43B1-A18B-B2438AA1EED2}"
EndProject
Project("{9A19103F-16F7-4668-BE54-9A1E7A4F7556}") = "HotelFinder.API", "HotelFinder.API\HotelFinder.API.csproj", "{1ED3330A-14B9-46F3-9B7A-24D71EA6339A}"
EndProject
Project("{2150E333-8FDC-42A3-9474-1A3956D46DE8}") = "Services", "Services", "{516286F7-B653-4747-93AB-752233202F69}"
EndProject
Project("{2150E333-8FDC-42A3-9474-1A3956D46DE8}") = "HotelFinderAPI", "HotelFinderAPI", "{067C262B-8937-46A4-8BBF-8C39231C8DB6}"
EndProject
Project("{9A19103F-16F7-4668-BE54-9A1E7A4F7556}") = "APIGateway", "APIGateway\APIGateway.csproj", "{3CCC3074-30D9-4D2F-AB60-83B476C1297C}"
EndProject
Project("{2150E333-8FDC-42A3-9474-1A3956D46DE8}") = "ReservationAPI", "ReservationAPI", "{D6D2F2F3-D033-4648-9AAD-FD9E12AD9BEC}"
EndProject
Project("{9A19103F-16F7-4668-BE54-9A1E7A4F7556}") = "Reservation.API", "Reservation.API\Reservation.API.csproj", "{2FBF073F-BEC3-4C64-B083-C59CF932AEC9}"
EndProject
Project("{9A19103F-16F7-4668-BE54-9A1E7A4F7556}") = "Reservation.Entities", "Reservation.Entities\Reservation.Entities.csproj", "{A840176F-B5ED-48A8-922D-F11BA1C516F4}"
EndProject
Project("{9A19103F-16F7-4668-BE54-9A1E7A4F7556}") = "Reservation.DataAccess", "Reservation.DataAccess\Reservation.DataAccess.csproj", "{1D3D0282-B9C7-4937-9AF8-9AEC42FA2933}"
EndProject
Project("{FAE04EC0-301F-11D3-BF4B-00C04F79EFBC}") = "Reservation.Business", "Reservation.Business\Reservation.Business.csproj", "{C731ECD0-EBE1-450D-A21B-14A4BD2FBE66}"
EndProject
Global
	GlobalSection(SolutionConfigurationPlatforms) = preSolution
		Debug|Any CPU = Debug|Any CPU
		Release|Any CPU = Release|Any CPU
	EndGlobalSection
	GlobalSection(ProjectConfigurationPlatforms) = postSolution
		{585DBA11-5ED9-4551-BCBD-3F2885A708D9}.Debug|Any CPU.ActiveCfg = Debug|Any CPU
		{585DBA11-5ED9-4551-BCBD-3F2885A708D9}.Debug|Any CPU.Build.0 = Debug|Any CPU
		{585DBA11-5ED9-4551-BCBD-3F2885A708D9}.Release|Any CPU.ActiveCfg = Release|Any CPU
		{585DBA11-5ED9-4551-BCBD-3F2885A708D9}.Release|Any CPU.Build.0 = Release|Any CPU
		{6E255E62-DEEB-44EC-B1B4-8A8D8A1460EA}.Debug|Any CPU.ActiveCfg = Debug|Any CPU
		{6E255E62-DEEB-44EC-B1B4-8A8D8A1460EA}.Debug|Any CPU.Build.0 = Debug|Any CPU
		{6E255E62-DEEB-44EC-B1B4-8A8D8A1460EA}.Release|Any CPU.ActiveCfg = Release|Any CPU
		{6E255E62-DEEB-44EC-B1B4-8A8D8A1460EA}.Release|Any CPU.Build.0 = Release|Any CPU
		{7ACD24C5-31FD-43B1-A18B-B2438AA1EED2}.Debug|Any CPU.ActiveCfg = Debug|Any CPU
		{7ACD24C5-31FD-43B1-A18B-B2438AA1EED2}.Debug|Any CPU.Build.0 = Debug|Any CPU
		{7ACD24C5-31FD-43B1-A18B-B2438AA1EED2}.Release|Any CPU.ActiveCfg = Release|Any CPU
		{7ACD24C5-31FD-43B1-A18B-B2438AA1EED2}.Release|Any CPU.Build.0 = Release|Any CPU
		{1ED3330A-14B9-46F3-9B7A-24D71EA6339A}.Debug|Any CPU.ActiveCfg = Debug|Any CPU
		{1ED3330A-14B9-46F3-9B7A-24D71EA6339A}.Debug|Any CPU.Build.0 = Debug|Any CPU
		{1ED3330A-14B9-46F3-9B7A-24D71EA6339A}.Release|Any CPU.ActiveCfg = Release|Any CPU
		{1ED3330A-14B9-46F3-9B7A-24D71EA6339A}.Release|Any CPU.Build.0 = Release|Any CPU
		{3CCC3074-30D9-4D2F-AB60-83B476C1297C}.Debug|Any CPU.ActiveCfg = Debug|Any CPU
		{3CCC3074-30D9-4D2F-AB60-83B476C1297C}.Debug|Any CPU.Build.0 = Debug|Any CPU
		{3CCC3074-30D9-4D2F-AB60-83B476C1297C}.Release|Any CPU.ActiveCfg = Release|Any CPU
		{3CCC3074-30D9-4D2F-AB60-83B476C1297C}.Release|Any CPU.Build.0 = Release|Any CPU
		{2FBF073F-BEC3-4C64-B083-C59CF932AEC9}.Debug|Any CPU.ActiveCfg = Debug|Any CPU
		{2FBF073F-BEC3-4C64-B083-C59CF932AEC9}.Debug|Any CPU.Build.0 = Debug|Any CPU
		{2FBF073F-BEC3-4C64-B083-C59CF932AEC9}.Release|Any CPU.ActiveCfg = Release|Any CPU
		{2FBF073F-BEC3-4C64-B083-C59CF932AEC9}.Release|Any CPU.Build.0 = Release|Any CPU
		{A840176F-B5ED-48A8-922D-F11BA1C516F4}.Debug|Any CPU.ActiveCfg = Debug|Any CPU
		{A840176F-B5ED-48A8-922D-F11BA1C516F4}.Debug|Any CPU.Build.0 = Debug|Any CPU
		{A840176F-B5ED-48A8-922D-F11BA1C516F4}.Release|Any CPU.ActiveCfg = Release|Any CPU
		{A840176F-B5ED-48A8-922D-F11BA1C516F4}.Release|Any CPU.Build.0 = Release|Any CPU
		{1D3D0282-B9C7-4937-9AF8-9AEC42FA2933}.Debug|Any CPU.ActiveCfg = Debug|Any CPU
		{1D3D0282-B9C7-4937-9AF8-9AEC42FA2933}.Debug|Any CPU.Build.0 = Debug|Any CPU
		{1D3D0282-B9C7-4937-9AF8-9AEC42FA2933}.Release|Any CPU.ActiveCfg = Release|Any CPU
		{1D3D0282-B9C7-4937-9AF8-9AEC42FA2933}.Release|Any CPU.Build.0 = Release|Any CPU
		{C731ECD0-EBE1-450D-A21B-14A4BD2FBE66}.Debug|Any CPU.ActiveCfg = Debug|Any CPU
		{C731ECD0-EBE1-450D-A21B-14A4BD2FBE66}.Debug|Any CPU.Build.0 = Debug|Any CPU
		{C731ECD0-EBE1-450D-A21B-14A4BD2FBE66}.Release|Any CPU.ActiveCfg = Release|Any CPU
		{C731ECD0-EBE1-450D-A21B-14A4BD2FBE66}.Release|Any CPU.Build.0 = Release|Any CPU
	EndGlobalSection
	GlobalSection(SolutionProperties) = preSolution
		HideSolutionNode = FALSE
	EndGlobalSection
	GlobalSection(NestedProjects) = preSolution
		{585DBA11-5ED9-4551-BCBD-3F2885A708D9} = {067C262B-8937-46A4-8BBF-8C39231C8DB6}
		{6E255E62-DEEB-44EC-B1B4-8A8D8A1460EA} = {067C262B-8937-46A4-8BBF-8C39231C8DB6}
		{7ACD24C5-31FD-43B1-A18B-B2438AA1EED2} = {067C262B-8937-46A4-8BBF-8C39231C8DB6}
		{1ED3330A-14B9-46F3-9B7A-24D71EA6339A} = {067C262B-8937-46A4-8BBF-8C39231C8DB6}
		{067C262B-8937-46A4-8BBF-8C39231C8DB6} = {516286F7-B653-4747-93AB-752233202F69}
		{D6D2F2F3-D033-4648-9AAD-FD9E12AD9BEC} = {516286F7-B653-4747-93AB-752233202F69}
		{2FBF073F-BEC3-4C64-B083-C59CF932AEC9} = {D6D2F2F3-D033-4648-9AAD-FD9E12AD9BEC}
		{A840176F-B5ED-48A8-922D-F11BA1C516F4} = {D6D2F2F3-D033-4648-9AAD-FD9E12AD9BEC}
		{1D3D0282-B9C7-4937-9AF8-9AEC42FA2933} = {D6D2F2F3-D033-4648-9AAD-FD9E12AD9BEC}
		{C731ECD0-EBE1-450D-A21B-14A4BD2FBE66} = {D6D2F2F3-D033-4648-9AAD-FD9E12AD9BEC}
	EndGlobalSection
	GlobalSection(ExtensibilityGlobals) = postSolution
		SolutionGuid = {9425AFDB-992F-492B-B16D-B42F0173EA82}
	EndGlobalSection
EndGlobal
